
Microsoft Visual Studio Solution File, Format Version 12.00
# Visual Studio 2015
Project("{FAE04EC0-301F-11D3-BF4B-00C04F79EFBC}") = "KnightCrawler", "KnightCrawler.csproj", "{FCDC0D03-3E33-41B9-B666-FB4A86F61DCD}"
EndProject
Global
	GlobalSection(SolutionConfigurationPlatforms) = preSolution
		Debug|Any CPU = Debug|Any CPU
		Release|Any CPU = Release|Any CPU
	EndGlobalSection
	GlobalSection(ProjectConfigurationPlatforms) = postSolution
		{FCDC0D03-3E33-41B9-B666-FB4A86F61DCD}.Debug|Any CPU.ActiveCfg = Debug|Any CPU
		{FCDC0D03-3E33-41B9-B666-FB4A86F61DCD}.Debug|Any CPU.Build.0 = Debug|Any CPU
		{FCDC0D03-3E33-41B9-B666-FB4A86F61DCD}.Release|Any CPU.ActiveCfg = Release|Any CPU
		{FCDC0D03-3E33-41B9-B666-FB4A86F61DCD}.Release|Any CPU.Build.0 = Release|Any CPU
	EndGlobalSection
	GlobalSection(SolutionProperties) = preSolution
		HideSolutionNode = FALSE
	EndGlobalSection
EndGlobal
